
Microsoft Visual Studio Solution File, Format Version 12.00
# Visual Studio Version 17
VisualStudioVersion = 17.14.36414.22 d17.14
MinimumVisualStudioVersion = 10.0.40219.1
Project("{888888A0-9F3D-457C-B088-3A5042F75D52}") = "TP-09 Recursividad", "TP-09 Recursividad\TP-09 Recursividad.pyproj", "{7D0C4FFA-2A5E-4831-8854-CCE6BB0739F8}"
EndProject
Global
	GlobalSection(SolutionConfigurationPlatforms) = preSolution
		Debug|Any CPU = Debug|Any CPU
		Release|Any CPU = Release|Any CPU
	EndGlobalSection
	GlobalSection(ProjectConfigurationPlatforms) = postSolution
		{7D0C4FFA-2A5E-4831-8854-CCE6BB0739F8}.Debug|Any CPU.ActiveCfg = Debug|Any CPU
		{7D0C4FFA-2A5E-4831-8854-CCE6BB0739F8}.Release|Any CPU.ActiveCfg = Release|Any CPU
	EndGlobalSection
	GlobalSection(SolutionProperties) = preSolution
		HideSolutionNode = FALSE
	EndGlobalSection
	GlobalSection(ExtensibilityGlobals) = postSolution
		SolutionGuid = {CCB50A5B-96DC-4225-A0D6-829472BDE0EB}
	EndGlobalSection
EndGlobal
