
Microsoft Visual Studio Solution File, Format Version 12.00
# Visual Studio Version 17
VisualStudioVersion = 17.14.36414.22 d17.14
MinimumVisualStudioVersion = 10.0.40219.1
Project("{888888A0-9F3D-457C-B088-3A5042F75D52}") = "TP 08 - Archivos", "TP 08 - Archivos\TP 08 - Archivos.pyproj", "{A5D6A3A5-4E17-4231-A5A7-38A9D89F9EAB}"
EndProject
Global
	GlobalSection(SolutionConfigurationPlatforms) = preSolution
		Debug|Any CPU = Debug|Any CPU
		Release|Any CPU = Release|Any CPU
	EndGlobalSection
	GlobalSection(ProjectConfigurationPlatforms) = postSolution
		{A5D6A3A5-4E17-4231-A5A7-38A9D89F9EAB}.Debug|Any CPU.ActiveCfg = Debug|Any CPU
		{A5D6A3A5-4E17-4231-A5A7-38A9D89F9EAB}.Release|Any CPU.ActiveCfg = Release|Any CPU
	EndGlobalSection
	GlobalSection(SolutionProperties) = preSolution
		HideSolutionNode = FALSE
	EndGlobalSection
	GlobalSection(ExtensibilityGlobals) = postSolution
		SolutionGuid = {97DAA839-589D-4072-AE5D-E8C01C5631F1}
	EndGlobalSection
EndGlobal
